Microsoft Visual Studio Solution File, Format Version 11.00
# Visual Studio 2008

Project("{EAF2DA0E-E11E-EC74-5D3F-559EA2B318AA}") = "PruebaPoi", "Assembly-CSharp-firstpass.csproj", "{E3116913-2362-9834-6325-5D76F41918C1}"
EndProject
Project("{EAF2DA0E-E11E-EC74-5D3F-559EA2B318AA}") = "PruebaPoi", "Assembly-CSharp.csproj", "{4813A05A-62F3-D502-0C9E-79CCA09CDFCE}"
EndProject
Project("{EAF2DA0E-E11E-EC74-5D3F-559EA2B318AA}") = "PruebaPoi", "Assembly-UnityScript-firstpass.unityproj", "{4E1CBC0E-24C4-8FFF-636C-6AB0EAC876C7}"
EndProject
Project("{EAF2DA0E-E11E-EC74-5D3F-559EA2B318AA}") = "PruebaPoi", "Assembly-UnityScript.unityproj", "{AA3AB0A5-54A2-5D0C-48A2-287ED57F3E84}"
EndProject
Global
	GlobalSection(SolutionConfigurationPlatforms) = preSolution
		Debug|Any CPU = Debug|Any CPU
		Release|Any CPU = Release|Any CPU
	EndGlobalSection
	GlobalSection(ProjectConfigurationPlatforms) = postSolution
		{E3116913-2362-9834-6325-5D76F41918C1}.Debug|Any CPU.ActiveCfg = Debug|Any CPU
		{E3116913-2362-9834-6325-5D76F41918C1}.Debug|Any CPU.Build.0 = Debug|Any CPU
		{E3116913-2362-9834-6325-5D76F41918C1}.Release|Any CPU.ActiveCfg = Release|Any CPU
		{E3116913-2362-9834-6325-5D76F41918C1}.Release|Any CPU.Build.0 = Release|Any CPU
		{4813A05A-62F3-D502-0C9E-79CCA09CDFCE}.Debug|Any CPU.ActiveCfg = Debug|Any CPU
		{4813A05A-62F3-D502-0C9E-79CCA09CDFCE}.Debug|Any CPU.Build.0 = Debug|Any CPU
		{4813A05A-62F3-D502-0C9E-79CCA09CDFCE}.Release|Any CPU.ActiveCfg = Release|Any CPU
		{4813A05A-62F3-D502-0C9E-79CCA09CDFCE}.Release|Any CPU.Build.0 = Release|Any CPU
		{4E1CBC0E-24C4-8FFF-636C-6AB0EAC876C7}.Debug|Any CPU.ActiveCfg = Debug|Any CPU
		{4E1CBC0E-24C4-8FFF-636C-6AB0EAC876C7}.Debug|Any CPU.Build.0 = Debug|Any CPU
		{4E1CBC0E-24C4-8FFF-636C-6AB0EAC876C7}.Release|Any CPU.ActiveCfg = Release|Any CPU
		{4E1CBC0E-24C4-8FFF-636C-6AB0EAC876C7}.Release|Any CPU.Build.0 = Release|Any CPU
		{AA3AB0A5-54A2-5D0C-48A2-287ED57F3E84}.Debug|Any CPU.ActiveCfg = Debug|Any CPU
		{AA3AB0A5-54A2-5D0C-48A2-287ED57F3E84}.Debug|Any CPU.Build.0 = Debug|Any CPU
		{AA3AB0A5-54A2-5D0C-48A2-287ED57F3E84}.Release|Any CPU.ActiveCfg = Release|Any CPU
		{AA3AB0A5-54A2-5D0C-48A2-287ED57F3E84}.Release|Any CPU.Build.0 = Release|Any CPU
	EndGlobalSection
	GlobalSection(SolutionProperties) = preSolution
		HideSolutionNode = FALSE
	EndGlobalSection
								GlobalSection(MonoDevelopProperties) = preSolution
		StartupItem = Assembly-CSharp.csproj
		Policies = $0
		$0.TextStylePolicy = $1
		$1.inheritsSet = null
		$1.scope = text/x-csharp
		$0.CSharpFormattingPolicy = $2
		$2.inheritsSet = Mono
		$2.inheritsScope = text/x-csharp
		$2.scope = text/x-csharp
		$0.TextStylePolicy = $3
		$3.FileWidth = 120
		$3.TabWidth = 4
		$3.EolMarker = Unix
		$3.inheritsSet = Mono
		$3.inheritsScope = text/plain
		$3.scope = text/plain
	EndGlobalSection

EndGlobal
